
Microsoft Visual Studio Solution File, Format Version 12.00
# Visual Studio Version 16
VisualStudioVersion = 16.0.30717.126
MinimumVisualStudioVersion = 10.0.40219.1
Project("{9A19103F-16F7-4668-BE54-9A1E7A4F7556}") = "DayOfWeek", "DayOfWeek\DayOfWeek.csproj", "{F6659829-FA15-4CA6-A09C-B048B39C413D}"
EndProject
Project("{9A19103F-16F7-4668-BE54-9A1E7A4F7556}") = "PrintNumbersInReverseOrder", "PrintNumbersInReverseOrder\PrintNumbersInReverseOrder.csproj", "{8410140E-340E-44BF-91E8-BD80DF2EC859}"
EndProject
Project("{9A19103F-16F7-4668-BE54-9A1E7A4F7556}") = "RoundingNumbers", "RoundingNumbers\RoundingNumbers.csproj", "{6E14C804-98C7-40A9-BAAB-664504C7AE61}"
EndProject
Project("{9A19103F-16F7-4668-BE54-9A1E7A4F7556}") = "ReverseArrayOfStrings", "ReverseArrayOfStrings\ReverseArrayOfStrings.csproj", "{1AB18807-A16E-4337-BC6D-F4042CB76844}"
EndProject
Project("{9A19103F-16F7-4668-BE54-9A1E7A4F7556}") = "SumEvenNumbers", "SumEvenNumbers\SumEvenNumbers.csproj", "{9E165678-41E8-43EE-9D59-8E1AA7229333}"
EndProject
Project("{9A19103F-16F7-4668-BE54-9A1E7A4F7556}") = "EvenAndOddSubtraction", "EvenAndOddSubtraction\EvenAndOddSubtraction.csproj", "{5DC24520-9914-45F3-B85A-897C2F543D8C}"
EndProject
Project("{9A19103F-16F7-4668-BE54-9A1E7A4F7556}") = "EqualArrays", "EqualArrays\EqualArrays.csproj", "{5894F0E8-AE30-446E-82B1-B98129BE1EFF}"
EndProject
Project("{9A19103F-16F7-4668-BE54-9A1E7A4F7556}") = "CondenseArrayToNumber", "CondenseArrayToNumber\CondenseArrayToNumber.csproj", "{29AA992B-415F-48BA-B2BC-E0CF1E315092}"
EndProject
Project("{9A19103F-16F7-4668-BE54-9A1E7A4F7556}") = "Train", "Train\Train.csproj", "{FFFB3664-4D93-40D0-849A-8E3D56208708}"
EndProject
Project("{9A19103F-16F7-4668-BE54-9A1E7A4F7556}") = "CommonElements", "CommonElements\CommonElements.csproj", "{0112D1AD-BD90-4A71-8C5E-71A94176DB07}"
EndProject
Project("{9A19103F-16F7-4668-BE54-9A1E7A4F7556}") = "Zig-ZagArrays", "Zig-ZagArrays\Zig-ZagArrays.csproj", "{2239441C-55DD-4958-87D0-6D479C0CC9B5}"
EndProject
Project("{9A19103F-16F7-4668-BE54-9A1E7A4F7556}") = "ArrayRotation", "ArrayRotation\ArrayRotation.csproj", "{36F4A332-1C91-4073-96A2-DCC4C7345C35}"
EndProject
Project("{9A19103F-16F7-4668-BE54-9A1E7A4F7556}") = "TopIntegers", "TopIntegers\TopIntegers.csproj", "{F68B299D-F8AB-477F-A98C-A98F72ECAF13}"
EndProject
Project("{9A19103F-16F7-4668-BE54-9A1E7A4F7556}") = "EqualSum", "EqualSum\EqualSum.csproj", "{EFDEBFE6-069B-4BB1-B754-016A7D2A9E2C}"
EndProject
Project("{9A19103F-16F7-4668-BE54-9A1E7A4F7556}") = "MaxSequenceOfEqualElements", "MaxSequenceOfEqualElements\MaxSequenceOfEqualElements.csproj", "{AC91FFD9-0C88-44A5-A5E9-154E364D2C52}"
EndProject
Project("{9A19103F-16F7-4668-BE54-9A1E7A4F7556}") = "MagicSum", "MagicSum\MagicSum.csproj", "{5A4FCDAF-3C30-4C8A-843B-3A868A3F12C0}"
EndProject
Project("{9A19103F-16F7-4668-BE54-9A1E7A4F7556}") = "KaminoFactory", "KaminoFactory\KaminoFactory.csproj", "{725DC572-69C0-46C4-A974-10742FBCF72F}"
EndProject
Project("{9A19103F-16F7-4668-BE54-9A1E7A4F7556}") = "LadyBugs", "LadyBugs\LadyBugs.csproj", "{AA5F350F-59F9-4F97-843B-93A01927AD0B}"
EndProject
Project("{9A19103F-16F7-4668-BE54-9A1E7A4F7556}") = "EncryptSortAndPrintArray", "EncryptSortAndPrintArray\EncryptSortAndPrintArray.csproj", "{41B01EB4-0930-4831-AD74-63F03CF6DAE2}"
EndProject
Project("{9A19103F-16F7-4668-BE54-9A1E7A4F7556}") = "PascalTriangle", "PascalTriangle\PascalTriangle.csproj", "{B9B31FF7-7964-4687-BA71-46FFB483732F}"
EndProject
Project("{9A19103F-16F7-4668-BE54-9A1E7A4F7556}") = "RecursiveFibonacci", "RecursiveFibonacci\RecursiveFibonacci.csproj", "{5326C9ED-E95A-4EED-B663-5AF0BD0F82F5}"
EndProject
Project("{FAE04EC0-301F-11D3-BF4B-00C04F79EFBC}") = "FoldAndSum", "FoldAndSum\FoldAndSum.csproj", "{87A3C70E-CCA4-4112-B827-39FACCD40861}"
EndProject
Project("{FAE04EC0-301F-11D3-BF4B-00C04F79EFBC}") = "LongestIncreasingSubsequence", "LongestIncreasingSubsequence\LongestIncreasingSubsequence.csproj", "{1D13BFB7-3C23-4CC5-8285-27D20F9FD88F}"
EndProject
Global
	GlobalSection(SolutionConfigurationPlatforms) = preSolution
		Debug|Any CPU = Debug|Any CPU
		Release|Any CPU = Release|Any CPU
	EndGlobalSection
	GlobalSection(ProjectConfigurationPlatforms) = postSolution
		{F6659829-FA15-4CA6-A09C-B048B39C413D}.Debug|Any CPU.ActiveCfg = Debug|Any CPU
		{F6659829-FA15-4CA6-A09C-B048B39C413D}.Debug|Any CPU.Build.0 = Debug|Any CPU
		{F6659829-FA15-4CA6-A09C-B048B39C413D}.Release|Any CPU.ActiveCfg = Release|Any CPU
		{F6659829-FA15-4CA6-A09C-B048B39C413D}.Release|Any CPU.Build.0 = Release|Any CPU
		{8410140E-340E-44BF-91E8-BD80DF2EC859}.Debug|Any CPU.ActiveCfg = Debug|Any CPU
		{8410140E-340E-44BF-91E8-BD80DF2EC859}.Debug|Any CPU.Build.0 = Debug|Any CPU
		{8410140E-340E-44BF-91E8-BD80DF2EC859}.Release|Any CPU.ActiveCfg = Release|Any CPU
		{8410140E-340E-44BF-91E8-BD80DF2EC859}.Release|Any CPU.Build.0 = Release|Any CPU
		{6E14C804-98C7-40A9-BAAB-664504C7AE61}.Debug|Any CPU.ActiveCfg = Debug|Any CPU
		{6E14C804-98C7-40A9-BAAB-664504C7AE61}.Debug|Any CPU.Build.0 = Debug|Any CPU
		{6E14C804-98C7-40A9-BAAB-664504C7AE61}.Release|Any CPU.ActiveCfg = Release|Any CPU
		{6E14C804-98C7-40A9-BAAB-664504C7AE61}.Release|Any CPU.Build.0 = Release|Any CPU
		{1AB18807-A16E-4337-BC6D-F4042CB76844}.Debug|Any CPU.ActiveCfg = Debug|Any CPU
		{1AB18807-A16E-4337-BC6D-F4042CB76844}.Debug|Any CPU.Build.0 = Debug|Any CPU
		{1AB18807-A16E-4337-BC6D-F4042CB76844}.Release|Any CPU.ActiveCfg = Release|Any CPU
		{1AB18807-A16E-4337-BC6D-F4042CB76844}.Release|Any CPU.Build.0 = Release|Any CPU
		{9E165678-41E8-43EE-9D59-8E1AA7229333}.Debug|Any CPU.ActiveCfg = Debug|Any CPU
		{9E165678-41E8-43EE-9D59-8E1AA7229333}.Debug|Any CPU.Build.0 = Debug|Any CPU
		{9E165678-41E8-43EE-9D59-8E1AA7229333}.Release|Any CPU.ActiveCfg = Release|Any CPU
		{9E165678-41E8-43EE-9D59-8E1AA7229333}.Release|Any CPU.Build.0 = Release|Any CPU
		{5DC24520-9914-45F3-B85A-897C2F543D8C}.Debug|Any CPU.ActiveCfg = Debug|Any CPU
		{5DC24520-9914-45F3-B85A-897C2F543D8C}.Debug|Any CPU.Build.0 = Debug|Any CPU
		{5DC24520-9914-45F3-B85A-897C2F543D8C}.Release|Any CPU.ActiveCfg = Release|Any CPU
		{5DC24520-9914-45F3-B85A-897C2F543D8C}.Release|Any CPU.Build.0 = Release|Any CPU
		{5894F0E8-AE30-446E-82B1-B98129BE1EFF}.Debug|Any CPU.ActiveCfg = Debug|Any CPU
		{5894F0E8-AE30-446E-82B1-B98129BE1EFF}.Debug|Any CPU.Build.0 = Debug|Any CPU
		{5894F0E8-AE30-446E-82B1-B98129BE1EFF}.Release|Any CPU.ActiveCfg = Release|Any CPU
		{5894F0E8-AE30-446E-82B1-B98129BE1EFF}.Release|Any CPU.Build.0 = Release|Any CPU
		{29AA992B-415F-48BA-B2BC-E0CF1E315092}.Debug|Any CPU.ActiveCfg = Debug|Any CPU
		{29AA992B-415F-48BA-B2BC-E0CF1E315092}.Debug|Any CPU.Build.0 = Debug|Any CPU
		{29AA992B-415F-48BA-B2BC-E0CF1E315092}.Release|Any CPU.ActiveCfg = Release|Any CPU
		{29AA992B-415F-48BA-B2BC-E0CF1E315092}.Release|Any CPU.Build.0 = Release|Any CPU
		{FFFB3664-4D93-40D0-849A-8E3D56208708}.Debug|Any CPU.ActiveCfg = Debug|Any CPU
		{FFFB3664-4D93-40D0-849A-8E3D56208708}.Debug|Any CPU.Build.0 = Debug|Any CPU
		{FFFB3664-4D93-40D0-849A-8E3D56208708}.Release|Any CPU.ActiveCfg = Release|Any CPU
		{FFFB3664-4D93-40D0-849A-8E3D56208708}.Release|Any CPU.Build.0 = Release|Any CPU
		{0112D1AD-BD90-4A71-8C5E-71A94176DB07}.Debug|Any CPU.ActiveCfg = Debug|Any CPU
		{0112D1AD-BD90-4A71-8C5E-71A94176DB07}.Debug|Any CPU.Build.0 = Debug|Any CPU
		{0112D1AD-BD90-4A71-8C5E-71A94176DB07}.Release|Any CPU.ActiveCfg = Release|Any CPU
		{0112D1AD-BD90-4A71-8C5E-71A94176DB07}.Release|Any CPU.Build.0 = Release|Any CPU
		{2239441C-55DD-4958-87D0-6D479C0CC9B5}.Debug|Any CPU.ActiveCfg = Debug|Any CPU
		{2239441C-55DD-4958-87D0-6D479C0CC9B5}.Debug|Any CPU.Build.0 = Debug|Any CPU
		{2239441C-55DD-4958-87D0-6D479C0CC9B5}.Release|Any CPU.ActiveCfg = Release|Any CPU
		{2239441C-55DD-4958-87D0-6D479C0CC9B5}.Release|Any CPU.Build.0 = Release|Any CPU
		{36F4A332-1C91-4073-96A2-DCC4C7345C35}.Debug|Any CPU.ActiveCfg = Debug|Any CPU
		{36F4A332-1C91-4073-96A2-DCC4C7345C35}.Debug|Any CPU.Build.0 = Debug|Any CPU
		{36F4A332-1C91-4073-96A2-DCC4C7345C35}.Release|Any CPU.ActiveCfg = Release|Any CPU
		{36F4A332-1C91-4073-96A2-DCC4C7345C35}.Release|Any CPU.Build.0 = Release|Any CPU
		{F68B299D-F8AB-477F-A98C-A98F72ECAF13}.Debug|Any CPU.ActiveCfg = Debug|Any CPU
		{F68B299D-F8AB-477F-A98C-A98F72ECAF13}.Debug|Any CPU.Build.0 = Debug|Any CPU
		{F68B299D-F8AB-477F-A98C-A98F72ECAF13}.Release|Any CPU.ActiveCfg = Release|Any CPU
		{F68B299D-F8AB-477F-A98C-A98F72ECAF13}.Release|Any CPU.Build.0 = Release|Any CPU
		{EFDEBFE6-069B-4BB1-B754-016A7D2A9E2C}.Debug|Any CPU.ActiveCfg = Debug|Any CPU
		{EFDEBFE6-069B-4BB1-B754-016A7D2A9E2C}.Debug|Any CPU.Build.0 = Debug|Any CPU
		{EFDEBFE6-069B-4BB1-B754-016A7D2A9E2C}.Release|Any CPU.ActiveCfg = Release|Any CPU
		{EFDEBFE6-069B-4BB1-B754-016A7D2A9E2C}.Release|Any CPU.Build.0 = Release|Any CPU
		{AC91FFD9-0C88-44A5-A5E9-154E364D2C52}.Debug|Any CPU.ActiveCfg = Debug|Any CPU
		{AC91FFD9-0C88-44A5-A5E9-154E364D2C52}.Debug|Any CPU.Build.0 = Debug|Any CPU
		{AC91FFD9-0C88-44A5-A5E9-154E364D2C52}.Release|Any CPU.ActiveCfg = Release|Any CPU
		{AC91FFD9-0C88-44A5-A5E9-154E364D2C52}.Release|Any CPU.Build.0 = Release|Any CPU
		{5A4FCDAF-3C30-4C8A-843B-3A868A3F12C0}.Debug|Any CPU.ActiveCfg = Debug|Any CPU
		{5A4FCDAF-3C30-4C8A-843B-3A868A3F12C0}.Debug|Any CPU.Build.0 = Debug|Any CPU
		{5A4FCDAF-3C30-4C8A-843B-3A868A3F12C0}.Release|Any CPU.ActiveCfg = Release|Any CPU
		{5A4FCDAF-3C30-4C8A-843B-3A868A3F12C0}.Release|Any CPU.Build.0 = Release|Any CPU
		{725DC572-69C0-46C4-A974-10742FBCF72F}.Debug|Any CPU.ActiveCfg = Debug|Any CPU
		{725DC572-69C0-46C4-A974-10742FBCF72F}.Debug|Any CPU.Build.0 = Debug|Any CPU
		{725DC572-69C0-46C4-A974-10742FBCF72F}.Release|Any CPU.ActiveCfg = Release|Any CPU
		{725DC572-69C0-46C4-A974-10742FBCF72F}.Release|Any CPU.Build.0 = Release|Any CPU
		{AA5F350F-59F9-4F97-843B-93A01927AD0B}.Debug|Any CPU.ActiveCfg = Debug|Any CPU
		{AA5F350F-59F9-4F97-843B-93A01927AD0B}.Debug|Any CPU.Build.0 = Debug|Any CPU
		{AA5F350F-59F9-4F97-843B-93A01927AD0B}.Release|Any CPU.ActiveCfg = Release|Any CPU
		{AA5F350F-59F9-4F97-843B-93A01927AD0B}.Release|Any CPU.Build.0 = Release|Any CPU
		{41B01EB4-0930-4831-AD74-63F03CF6DAE2}.Debug|Any CPU.ActiveCfg = Debug|Any CPU
		{41B01EB4-0930-4831-AD74-63F03CF6DAE2}.Debug|Any CPU.Build.0 = Debug|Any CPU
		{41B01EB4-0930-4831-AD74-63F03CF6DAE2}.Release|Any CPU.ActiveCfg = Release|Any CPU
		{41B01EB4-0930-4831-AD74-63F03CF6DAE2}.Release|Any CPU.Build.0 = Release|Any CPU
		{B9B31FF7-7964-4687-BA71-46FFB483732F}.Debug|Any CPU.ActiveCfg = Debug|Any CPU
		{B9B31FF7-7964-4687-BA71-46FFB483732F}.Debug|Any CPU.Build.0 = Debug|Any CPU
		{B9B31FF7-7964-4687-BA71-46FFB483732F}.Release|Any CPU.ActiveCfg = Release|Any CPU
		{B9B31FF7-7964-4687-BA71-46FFB483732F}.Release|Any CPU.Build.0 = Release|Any CPU
		{5326C9ED-E95A-4EED-B663-5AF0BD0F82F5}.Debug|Any CPU.ActiveCfg = Debug|Any CPU
		{5326C9ED-E95A-4EED-B663-5AF0BD0F82F5}.Debug|Any CPU.Build.0 = Debug|Any CPU
		{5326C9ED-E95A-4EED-B663-5AF0BD0F82F5}.Release|Any CPU.ActiveCfg = Release|Any CPU
		{5326C9ED-E95A-4EED-B663-5AF0BD0F82F5}.Release|Any CPU.Build.0 = Release|Any CPU
		{87A3C70E-CCA4-4112-B827-39FACCD40861}.Debug|Any CPU.ActiveCfg = Debug|Any CPU
		{87A3C70E-CCA4-4112-B827-39FACCD40861}.Debug|Any CPU.Build.0 = Debug|Any CPU
		{87A3C70E-CCA4-4112-B827-39FACCD40861}.Release|Any CPU.ActiveCfg = Release|Any CPU
		{87A3C70E-CCA4-4112-B827-39FACCD40861}.Release|Any CPU.Build.0 = Release|Any CPU
		{1D13BFB7-3C23-4CC5-8285-27D20F9FD88F}.Debug|Any CPU.ActiveCfg = Debug|Any CPU
		{1D13BFB7-3C23-4CC5-8285-27D20F9FD88F}.Debug|Any CPU.Build.0 = Debug|Any CPU
		{1D13BFB7-3C23-4CC5-8285-27D20F9FD88F}.Release|Any CPU.ActiveCfg = Release|Any CPU
		{1D13BFB7-3C23-4CC5-8285-27D20F9FD88F}.Release|Any CPU.Build.0 = Release|Any CPU
	EndGlobalSection
	GlobalSection(SolutionProperties) = preSolution
		HideSolutionNode = FALSE
	EndGlobalSection
	GlobalSection(ExtensibilityGlobals) = postSolution
		SolutionGuid = {8C0A5E36-CB4B-4C41-9315-0A019FF48F32}
	EndGlobalSection
EndGlobal
