
Microsoft Visual Studio Solution File, Format Version 12.00
# Visual Studio Version 16
VisualStudioVersion = 16.0.30717.126
MinimumVisualStudioVersion = 10.0.40219.1
Project("{FAE04EC0-301F-11D3-BF4B-00C04F79EFBC}") = "CountRealNumbers", "CountRealNumbers\CountRealNumbers.csproj", "{1A508E91-7803-428C-AFFB-C01B27277334}"
EndProject
Project("{FAE04EC0-301F-11D3-BF4B-00C04F79EFBC}") = "OddOccurrences", "OddOccurrences\OddOccurrences.csproj", "{D6323E02-4019-4B94-AE02-501AD2B115DA}"
EndProject
Project("{FAE04EC0-301F-11D3-BF4B-00C04F79EFBC}") = "WordSynonyms", "WordSynonyms\WordSynonyms.csproj", "{D399E501-3C5B-4869-B0C2-CAF19A4F4B2F}"
EndProject
Project("{FAE04EC0-301F-11D3-BF4B-00C04F79EFBC}") = "Largest3Numbers", "Largest3Numbers\Largest3Numbers.csproj", "{4C53356F-2B5F-491D-8C80-5D0C57129F8D}"
EndProject
Project("{FAE04EC0-301F-11D3-BF4B-00C04F79EFBC}") = "WordFilter", "WordFilter\WordFilter.csproj", "{C9CE4375-FDB9-414B-BEF8-ED1C16616F20}"
EndProject
Project("{FAE04EC0-301F-11D3-BF4B-00C04F79EFBC}") = "CountCharsInAString", "CountCharsInAString\CountCharsInAString.csproj", "{79359458-8B4A-42AA-9AAA-413728D434F3}"
EndProject
Project("{FAE04EC0-301F-11D3-BF4B-00C04F79EFBC}") = "AMinerTask", "AMinerTask\AMinerTask.csproj", "{9D90CB5D-7187-42DF-BC49-ADE12BD92C87}"
EndProject
Project("{FAE04EC0-301F-11D3-BF4B-00C04F79EFBC}") = "LegendaryFarming", "LegendaryFarming\LegendaryFarming.csproj", "{68CE04E2-BD9B-4595-94F6-A871A8E48E53}"
EndProject
Project("{FAE04EC0-301F-11D3-BF4B-00C04F79EFBC}") = "Orders", "Orders\Orders.csproj", "{D1C39D40-B9A0-4246-A52F-5CBF9E3E4782}"
EndProject
Global
	GlobalSection(SolutionConfigurationPlatforms) = preSolution
		Debug|Any CPU = Debug|Any CPU
		Release|Any CPU = Release|Any CPU
	EndGlobalSection
	GlobalSection(ProjectConfigurationPlatforms) = postSolution
		{1A508E91-7803-428C-AFFB-C01B27277334}.Debug|Any CPU.ActiveCfg = Debug|Any CPU
		{1A508E91-7803-428C-AFFB-C01B27277334}.Debug|Any CPU.Build.0 = Debug|Any CPU
		{1A508E91-7803-428C-AFFB-C01B27277334}.Release|Any CPU.ActiveCfg = Release|Any CPU
		{1A508E91-7803-428C-AFFB-C01B27277334}.Release|Any CPU.Build.0 = Release|Any CPU
		{D6323E02-4019-4B94-AE02-501AD2B115DA}.Debug|Any CPU.ActiveCfg = Debug|Any CPU
		{D6323E02-4019-4B94-AE02-501AD2B115DA}.Debug|Any CPU.Build.0 = Debug|Any CPU
		{D6323E02-4019-4B94-AE02-501AD2B115DA}.Release|Any CPU.ActiveCfg = Release|Any CPU
		{D6323E02-4019-4B94-AE02-501AD2B115DA}.Release|Any CPU.Build.0 = Release|Any CPU
		{D399E501-3C5B-4869-B0C2-CAF19A4F4B2F}.Debug|Any CPU.ActiveCfg = Debug|Any CPU
		{D399E501-3C5B-4869-B0C2-CAF19A4F4B2F}.Debug|Any CPU.Build.0 = Debug|Any CPU
		{D399E501-3C5B-4869-B0C2-CAF19A4F4B2F}.Release|Any CPU.ActiveCfg = Release|Any CPU
		{D399E501-3C5B-4869-B0C2-CAF19A4F4B2F}.Release|Any CPU.Build.0 = Release|Any CPU
		{4C53356F-2B5F-491D-8C80-5D0C57129F8D}.Debug|Any CPU.ActiveCfg = Debug|Any CPU
		{4C53356F-2B5F-491D-8C80-5D0C57129F8D}.Debug|Any CPU.Build.0 = Debug|Any CPU
		{4C53356F-2B5F-491D-8C80-5D0C57129F8D}.Release|Any CPU.ActiveCfg = Release|Any CPU
		{4C53356F-2B5F-491D-8C80-5D0C57129F8D}.Release|Any CPU.Build.0 = Release|Any CPU
		{C9CE4375-FDB9-414B-BEF8-ED1C16616F20}.Debug|Any CPU.ActiveCfg = Debug|Any CPU
		{C9CE4375-FDB9-414B-BEF8-ED1C16616F20}.Debug|Any CPU.Build.0 = Debug|Any CPU
		{C9CE4375-FDB9-414B-BEF8-ED1C16616F20}.Release|Any CPU.ActiveCfg = Release|Any CPU
		{C9CE4375-FDB9-414B-BEF8-ED1C16616F20}.Release|Any CPU.Build.0 = Release|Any CPU
		{79359458-8B4A-42AA-9AAA-413728D434F3}.Debug|Any CPU.ActiveCfg = Debug|Any CPU
		{79359458-8B4A-42AA-9AAA-413728D434F3}.Debug|Any CPU.Build.0 = Debug|Any CPU
		{79359458-8B4A-42AA-9AAA-413728D434F3}.Release|Any CPU.ActiveCfg = Release|Any CPU
		{79359458-8B4A-42AA-9AAA-413728D434F3}.Release|Any CPU.Build.0 = Release|Any CPU
		{9D90CB5D-7187-42DF-BC49-ADE12BD92C87}.Debug|Any CPU.ActiveCfg = Debug|Any CPU
		{9D90CB5D-7187-42DF-BC49-ADE12BD92C87}.Debug|Any CPU.Build.0 = Debug|Any CPU
		{9D90CB5D-7187-42DF-BC49-ADE12BD92C87}.Release|Any CPU.ActiveCfg = Release|Any CPU
		{9D90CB5D-7187-42DF-BC49-ADE12BD92C87}.Release|Any CPU.Build.0 = Release|Any CPU
		{68CE04E2-BD9B-4595-94F6-A871A8E48E53}.Debug|Any CPU.ActiveCfg = Debug|Any CPU
		{68CE04E2-BD9B-4595-94F6-A871A8E48E53}.Debug|Any CPU.Build.0 = Debug|Any CPU
		{68CE04E2-BD9B-4595-94F6-A871A8E48E53}.Release|Any CPU.ActiveCfg = Release|Any CPU
		{68CE04E2-BD9B-4595-94F6-A871A8E48E53}.Release|Any CPU.Build.0 = Release|Any CPU
		{D1C39D40-B9A0-4246-A52F-5CBF9E3E4782}.Debug|Any CPU.ActiveCfg = Debug|Any CPU
		{D1C39D40-B9A0-4246-A52F-5CBF9E3E4782}.Debug|Any CPU.Build.0 = Debug|Any CPU
		{D1C39D40-B9A0-4246-A52F-5CBF9E3E4782}.Release|Any CPU.ActiveCfg = Release|Any CPU
		{D1C39D40-B9A0-4246-A52F-5CBF9E3E4782}.Release|Any CPU.Build.0 = Release|Any CPU
	EndGlobalSection
	GlobalSection(SolutionProperties) = preSolution
		HideSolutionNode = FALSE
	EndGlobalSection
	GlobalSection(ExtensibilityGlobals) = postSolution
		SolutionGuid = {46CED50A-DF08-4E70-A14A-5349B79AFB46}
	EndGlobalSection
EndGlobal
